<?xml version="1.0" encoding="utf-8"?>
<Project ToolsVersion="4.0" xmlns="http://schemas.microsoft.com/developer/msbuild/2003">
  <ItemGroup>
    <Filter Include="Source Files">
      <UniqueIdentifier>{4FC737F1-C7A5-4376-A066-2A32D752A2FF}</UniqueIdentifier>
      <Extensions>cpp;c;cc;cxx;def;odl;idl;hpj;bat;asm;asmx</Extensions>
    </Filter>
    <Filter Include="Header Files">
      <UniqueIdentifier>{93995380-89BD-4b04-88EB-625FBE52EBFB}</UniqueIdentifier>
      <Extensions>h;hpp;hxx;hm;inl;inc;xsd</Extensions>
    </Filter>
    <Filter Include="Resource Files">
      <UniqueIdentifier>{67DA6AB6-F800-4c08-8B7A-83BB121AAD01}</UniqueIdentifier>
      <Extensions>rc;ico;cur;bmp;dlg;rc2;rct;bin;rgs;gif;jpg;jpeg;jpe;resx;tiff;tif;png;wav;mfcribbon-ms</Extensions>
    </Filter>
    <Filter Include="Source Files\Tetris Source Files">
      <UniqueIdentifier>{3c4faad1-f48c-4906-9e5a-36f591fc63a7}</UniqueIdentifier>
    </Filter>
    <Filter Include="Header Files\Tetris Header Files">
      <UniqueIdentifier>{41d80b1d-f482-4991-98bf-45b97203aefd}</UniqueIdentifier>
    </Filter>
  </ItemGroup>
  <ItemGroup>
    <ClCompile Include="bgiout.cxx">
      <Filter>Source Files</Filter>
    </ClCompile>
    <ClCompile Include="winthread.cxx">
      <Filter>Source Files</Filter>
    </ClCompile>
    <ClCompile Include="drawing.cxx">
      <Filter>Source Files</Filter>
    </ClCompile>
    <ClCompile Include="misc.cxx">
      <Filter>Source Files</Filter>
    </ClCompile>
    <ClCompile Include="palette.cxx">
      <Filter>Source Files</Filter>
    </ClCompile>
    <ClCompile Include="text.cxx">
      <Filter>Source Files</Filter>
    </ClCompile>
    <ClCompile Include="mouse.cxx">
      <Filter>Source Files</Filter>
    </ClCompile>
    <ClCompile Include="winbgi.cxx">
      <Filter>Source Files</Filter>
    </ClCompile>
    <ClCompile Include="file.cxx">
      <Filter>Source Files</Filter>
    </ClCompile>
    <ClCompile Include="dibutil.cxx">
      <Filter>Source Files</Filter>
    </ClCompile>
    <ClCompile Include="..\Tetris Source\Block.cpp">
      <Filter>Source Files\Tetris Source Files</Filter>
    </ClCompile>
    <ClCompile Include="..\Tetris Source\BlockOverlay.cpp">
      <Filter>Source Files\Tetris Source Files</Filter>
    </ClCompile>
    <ClCompile Include="..\Tetris Source\ITetrimino.cpp">
      <Filter>Source Files\Tetris Source Files</Filter>
    </ClCompile>
    <ClCompile Include="..\Tetris Source\JTetrimino.cpp">
      <Filter>Source Files\Tetris Source Files</Filter>
    </ClCompile>
    <ClCompile Include="..\Tetris Source\LTetrimino.cpp">
      <Filter>Source Files\Tetris Source Files</Filter>
    </ClCompile>
    <ClCompile Include="..\Tetris Source\main.cpp">
      <Filter>Source Files\Tetris Source Files</Filter>
    </ClCompile>
    <ClCompile Include="..\Tetris Source\OTetrimino.cpp">
      <Filter>Source Files\Tetris Source Files</Filter>
    </ClCompile>
    <ClCompile Include="..\Tetris Source\STetrimino.cpp">
      <Filter>Source Files\Tetris Source Files</Filter>
    </ClCompile>
    <ClCompile Include="..\Tetris Source\Tetrimino.cpp">
      <Filter>Source Files\Tetris Source Files</Filter>
    </ClCompile>
    <ClCompile Include="..\Tetris Source\TetrisInterface.cpp">
      <Filter>Source Files\Tetris Source Files</Filter>
    </ClCompile>
    <ClCompile Include="..\Tetris Source\Timer.cpp">
      <Filter>Source Files\Tetris Source Files</Filter>
    </ClCompile>
    <ClCompile Include="..\Tetris Source\TTetrimino.cpp">
      <Filter>Source Files\Tetris Source Files</Filter>
    </ClCompile>
    <ClCompile Include="..\Tetris Source\ZTetrimio.cpp">
      <Filter>Source Files\Tetris Source Files</Filter>
    </ClCompile>
  </ItemGroup>
  <ItemGroup>
    <ClInclude Include="winbgim.h">
      <Filter>Header Files</Filter>
    </ClInclude>
    <ClInclude Include="winbgitypes.h">
      <Filter>Header Files</Filter>
    </ClInclude>
    <ClInclude Include="graphics.h">
      <Filter>Header Files</Filter>
    </ClInclude>
    <ClInclude Include="winbgi.h">
      <Filter>Header Files</Filter>
    </ClInclude>
    <ClInclude Include="dibutil.h">
      <Filter>Header Files</Filter>
    </ClInclude>
    <ClInclude Include="..\Tetris Source\Block.h">
      <Filter>Header Files\Tetris Header Files</Filter>
    </ClInclude>
    <ClInclude Include="..\Tetris Source\BlockOverlay.h">
      <Filter>Header Files\Tetris Header Files</Filter>
    </ClInclude>
    <ClInclude Include="..\Tetris Source\constants.h">
      <Filter>Header Files\Tetris Header Files</Filter>
    </ClInclude>
    <ClInclude Include="..\Tetris Source\RandomTetrimino.h">
      <Filter>Header Files\Tetris Header Files</Filter>
    </ClInclude>
    <ClInclude Include="..\Tetris Source\Tetrimino.h">
      <Filter>Header Files\Tetris Header Files</Filter>
    </ClInclude>
    <ClInclude Include="..\Tetris Source\tetriminos.h">
      <Filter>Header Files\Tetris Header Files</Filter>
    </ClInclude>
    <ClInclude Include="..\Tetris Source\TetrisInterface.h">
      <Filter>Header Files\Tetris Header Files</Filter>
    </ClInclude>
    <ClInclude Include="..\Tetris Source\Timer.h">
      <Filter>Header Files\Tetris Header Files</Filter>
    </ClInclude>
  </ItemGroup>
</Project>